<?xml version="1.0" encoding="utf-8"?>
<Project ToolsVersion="4.0" xmlns="http://schemas.microsoft.com/developer/msbuild/2003">
  <ItemGroup>
    <Filter Include="Source Files">
      <UniqueIdentifier>{4FC737F1-C7A5-4376-A066-2A32D752A2FF}</UniqueIdentifier>
      <Extensions>cpp;c;cc;cxx;def;odl;idl;hpj;bat;asm;asmx</Extensions>
    </Filter>
    <Filter Include="Header Files">
      <UniqueIdentifier>{93995380-89BD-4b04-88EB-625FBE52EBFB}</UniqueIdentifier>
      <Extensions>h;hh;hpp;hxx;hm;inl;inc;xsd</Extensions>
    </Filter>
    <Filter Include="Resource Files">
      <UniqueIdentifier>{67DA6AB6-F800-4c08-8B7A-83BB121AAD01}</UniqueIdentifier>
      <Extensions>rc;ico;cur;bmp;dlg;rc2;rct;bin;rgs;gif;jpg;jpeg;jpe;resx;tiff;tif;png;wav;mfcribbon-ms</Extensions>
    </Filter>
  </ItemGroup>
  <ItemGroup>
    <ClCompile Include="main.cpp">
      <Filter>Source Files</Filter>
    </ClCompile>
    <ClCompile Include="pkcs7.cpp">
      <Filter>Source Files</Filter>
    </ClCompile>
    <ClCompile Include="DerInputStream.cpp">
      <Filter>Source Files</Filter>
    </ClCompile>
    <ClCompile Include="DerOutputStream.cpp">
      <Filter>Source Files</Filter>
    </ClCompile>
    <ClCompile Include="DerInputBuffer.cpp">
      <Filter>Source Files</Filter>
    </ClCompile>
    <ClCompile Include="ContentInfo.cpp">
      <Filter>Source Files</Filter>
    </ClCompile>
    <ClCompile Include="DerValue.cpp">
      <Filter>Source Files</Filter>
    </ClCompile>
    <ClCompile Include="ObjectIdentifier.cpp">
      <Filter>Source Files</Filter>
    </ClCompile>
    <ClCompile Include="TPException.cpp">
      <Filter>Source Files</Filter>
    </ClCompile>
    <ClCompile Include="ByteArrayOutputStream.cpp">
      <Filter>Source Files</Filter>
    </ClCompile>
    <ClCompile Include="OutputStream.cpp">
      <Filter>Source Files</Filter>
    </ClCompile>
    <ClCompile Include="AlgorithmId.cpp">
      <Filter>Source Files</Filter>
    </ClCompile>
    <ClCompile Include="BigInteger.cpp">
      <Filter>Source Files</Filter>
    </ClCompile>
    <ClCompile Include="Certificate.cpp">
      <Filter>Source Files</Filter>
    </ClCompile>
    <ClCompile Include="CRL.cpp">
      <Filter>Source Files</Filter>
    </ClCompile>
    <ClCompile Include="SignerInfo.cpp">
      <Filter>Source Files</Filter>
    </ClCompile>
    <ClCompile Include="X509Certificate.cpp">
      <Filter>Source Files</Filter>
    </ClCompile>
    <ClCompile Include="X509CRL.cpp">
      <Filter>Source Files</Filter>
    </ClCompile>
    <ClCompile Include="PKCS9Attribute.cpp">
      <Filter>Source Files</Filter>
    </ClCompile>
    <ClCompile Include="PKCS9Attributes.cpp">
      <Filter>Source Files</Filter>
    </ClCompile>
    <ClCompile Include="Object.cpp">
      <Filter>Source Files</Filter>
    </ClCompile>
  </ItemGroup>
  <ItemGroup>
    <ClInclude Include="pkcs7.h">
      <Filter>Header Files</Filter>
    </ClInclude>
    <ClInclude Include="DerInputStream.h">
      <Filter>Header Files</Filter>
    </ClInclude>
    <ClInclude Include="DerOutputStream.h">
      <Filter>Header Files</Filter>
    </ClInclude>
    <ClInclude Include="DerInputBuffer.h">
      <Filter>Header Files</Filter>
    </ClInclude>
    <ClInclude Include="ContentInfo.h">
      <Filter>Header Files</Filter>
    </ClInclude>
    <ClInclude Include="DerValue.h">
      <Filter>Header Files</Filter>
    </ClInclude>
    <ClInclude Include="ObjectIdentifier.h">
      <Filter>Header Files</Filter>
    </ClInclude>
    <ClInclude Include="TPException.h">
      <Filter>Header Files</Filter>
    </ClInclude>
    <ClInclude Include="ByteArrayOutputStream.h">
      <Filter>Header Files</Filter>
    </ClInclude>
    <ClInclude Include="OutputStream.h">
      <Filter>Header Files</Filter>
    </ClInclude>
    <ClInclude Include="AlgorithmId.h">
      <Filter>Header Files</Filter>
    </ClInclude>
    <ClInclude Include="BigInteger.h">
      <Filter>Header Files</Filter>
    </ClInclude>
    <ClInclude Include="Certificate.h">
      <Filter>Header Files</Filter>
    </ClInclude>
    <ClInclude Include="CRL.h">
      <Filter>Header Files</Filter>
    </ClInclude>
    <ClInclude Include="SignerInfo.h">
      <Filter>Header Files</Filter>
    </ClInclude>
    <ClInclude Include="X509Certificate.h">
      <Filter>Header Files</Filter>
    </ClInclude>
    <ClInclude Include="X509CRL.h">
      <Filter>Header Files</Filter>
    </ClInclude>
    <ClInclude Include="PKCS9Attribute.h">
      <Filter>Header Files</Filter>
    </ClInclude>
    <ClInclude Include="PKCS9Attributes.h">
      <Filter>Header Files</Filter>
    </ClInclude>
    <ClInclude Include="Object.h">
      <Filter>Header Files</Filter>
    </ClInclude>
  </ItemGroup>
</Project>